
Microsoft Visual Studio Solution File, Format Version 12.00
# Visual Studio 2012
Project("{FAE04EC0-301F-11D3-BF4B-00C04F79EFBC}") = "RossKing.EPub.Windows", "RossKing.EPub.Windows\RossKing.EPub.Windows.csproj", "{4C0C3284-0B3D-4D18-8B88-5870C5A0FF46}"
EndProject
Project("{FAE04EC0-301F-11D3-BF4B-00C04F79EFBC}") = "RossKing.EPub.Core", "RossKing.EPub.Core\RossKing.EPub.Core.csproj", "{A6C23D1A-23A8-459A-8C6D-D15602411588}"
EndProject
Project("{FAE04EC0-301F-11D3-BF4B-00C04F79EFBC}") = "RossKing.EPub.Console", "RossKing.EPub.Console\RossKing.EPub.Console.csproj", "{8346F643-FAB1-4F03-92F7-21E115DDC0CA}"
EndProject
Project("{FAE04EC0-301F-11D3-BF4B-00C04F79EFBC}") = "RossKing.EPub.Wpf", "RossKing.EPub.Wpf\RossKing.EPub.Wpf.csproj", "{EBC7FB2B-EC4F-46E4-AEFF-A0E07E80E927}"
EndProject
Project("{2150E333-8FDC-42A3-9474-1A3956D46DE8}") = "Solution Items", "Solution Items", "{6A3A15D9-EE45-4C79-B6CD-E8A310C18E4E}"
	ProjectSection(SolutionItems) = preProject
		Settings.StyleCop = Settings.StyleCop
	EndProjectSection
EndProject
Project("{2150E333-8FDC-42A3-9474-1A3956D46DE8}") = ".nuget", ".nuget", "{7D7F09E7-B7FF-4F0A-929E-A9019E6FE830}"
	ProjectSection(SolutionItems) = preProject
		.nuget\NuGet.Config = .nuget\NuGet.Config
		.nuget\NuGet.exe = .nuget\NuGet.exe
		.nuget\NuGet.targets = .nuget\NuGet.targets
	EndProjectSection
EndProject
Global
	GlobalSection(SolutionConfigurationPlatforms) = preSolution
		Debug|Any CPU = Debug|Any CPU
		Release|Any CPU = Release|Any CPU
	EndGlobalSection
	GlobalSection(ProjectConfigurationPlatforms) = postSolution
		{4C0C3284-0B3D-4D18-8B88-5870C5A0FF46}.Debug|Any CPU.ActiveCfg = Debug|Any CPU
		{4C0C3284-0B3D-4D18-8B88-5870C5A0FF46}.Debug|Any CPU.Build.0 = Debug|Any CPU
		{4C0C3284-0B3D-4D18-8B88-5870C5A0FF46}.Release|Any CPU.ActiveCfg = Release|Any CPU
		{4C0C3284-0B3D-4D18-8B88-5870C5A0FF46}.Release|Any CPU.Build.0 = Release|Any CPU
		{A6C23D1A-23A8-459A-8C6D-D15602411588}.Debug|Any CPU.ActiveCfg = Debug|Any CPU
		{A6C23D1A-23A8-459A-8C6D-D15602411588}.Debug|Any CPU.Build.0 = Debug|Any CPU
		{A6C23D1A-23A8-459A-8C6D-D15602411588}.Release|Any CPU.ActiveCfg = Release|Any CPU
		{A6C23D1A-23A8-459A-8C6D-D15602411588}.Release|Any CPU.Build.0 = Release|Any CPU
		{8346F643-FAB1-4F03-92F7-21E115DDC0CA}.Debug|Any CPU.ActiveCfg = Debug|Any CPU
		{8346F643-FAB1-4F03-92F7-21E115DDC0CA}.Debug|Any CPU.Build.0 = Debug|Any CPU
		{8346F643-FAB1-4F03-92F7-21E115DDC0CA}.Release|Any CPU.ActiveCfg = Release|Any CPU
		{8346F643-FAB1-4F03-92F7-21E115DDC0CA}.Release|Any CPU.Build.0 = Release|Any CPU
		{EBC7FB2B-EC4F-46E4-AEFF-A0E07E80E927}.Debug|Any CPU.ActiveCfg = Debug|Any CPU
		{EBC7FB2B-EC4F-46E4-AEFF-A0E07E80E927}.Debug|Any CPU.Build.0 = Debug|Any CPU
		{EBC7FB2B-EC4F-46E4-AEFF-A0E07E80E927}.Release|Any CPU.ActiveCfg = Release|Any CPU
		{EBC7FB2B-EC4F-46E4-AEFF-A0E07E80E927}.Release|Any CPU.Build.0 = Release|Any CPU
	EndGlobalSection
	GlobalSection(SolutionProperties) = preSolution
		HideSolutionNode = FALSE
	EndGlobalSection
EndGlobal
